PODS:
  - Appirater (2.0.2)
  - GoogleConversionTracking (2.1.0)
  - ISO8601DateFormatter (0.7)
  - Kiwi/ARC (2.2.3)
  - Kiwi/NonARC (2.2.3)
  - Kiwi/XCTest (2.2.3):
    - Kiwi/ARC
    - Kiwi/NonARC
  - MKNetworkKit (0.87):
    - Reachability (~> 3.1.0)
  - Ooyala (1.5.1)
  - Reachability (3.1.1)
  - SDWebImage (3.5):
    - SDWebImage/Core
  - SDWebImage/Core (3.5)
  - SSKeychain (0.2.1)
  - TestFlightSDK (2.2.1-beta)

DEPENDENCIES:
  - Appirater
  - GoogleConversionTracking
  - ISO8601DateFormatter
  - Kiwi/XCTest
  - MKNetworkKit (from `https://github.com/rockpack/MKNetworkKit.git`, branch `cocoapods`)
  - Ooyala
  - Reachability
  - SDWebImage
  - SSKeychain (~> 0.2.1)
  - TestFlightSDK

EXTERNAL SOURCES:
  MKNetworkKit:
    :branch: cocoapods
    :git: https://github.com/rockpack/MKNetworkKit.git

SPEC CHECKSUMS:
  Appirater: 32fb9089615b5e542c7ad7b5749741a8aed55290
  GoogleConversionTracking: 6196d703c8adaa42d6fb1b90e620d532b7cd4bfa
  ISO8601DateFormatter: 00944e437ea647f4244454ce8809d313861d08de
  Kiwi: 04c51e880831d291748ec702d42c4101f7eb95c9
  MKNetworkKit: e92724a21c0392c2f4181978135f3ae715863f1a
  Ooyala: 5371cc4cb8a8cfa889d17d0353510eebe5360869
  Reachability: be4883bb93f31e38266ae3365e5600a317aae735
  SDWebImage: f1a72472f8a2d54445f1fedafe2090593d9caf7f
  SSKeychain: ffa1a79eb716d9ed1ca184fb0cf218087ca28486
  TestFlightSDK: 4249c2f70e621bcfbdebf019073169c8fe36be13

COCOAPODS: 0.29.0
