PODS:
  - Appirater (2.0.2)
  - Facebook-iOS-SDK (3.12.0)
  - GoogleAnalytics-iOS-SDK (3.0.3)
  - GoogleConversionTracking (3.0.0)
  - ISO8601DateFormatter (0.7)
  - Kiwi/ARC (2.2.3)
  - Kiwi/NonARC (2.2.3)
  - Kiwi/XCTest (2.2.3):
    - Kiwi/ARC
    - Kiwi/NonARC
  - MKNetworkKit (0.87):
    - Reachability (~> 3.1.0)
  - Ooyala (1.5.1)
  - Reachability (3.1.1)
  - SDWebImage (3.5.2):
    - SDWebImage/Core
  - SDWebImage/Core (3.5.2)
  - SSKeychain (0.2.1)
  - TestFlightSDK (2.2.3-beta)

DEPENDENCIES:
  - Appirater
  - Facebook-iOS-SDK
  - GoogleAnalytics-iOS-SDK
  - GoogleConversionTracking
  - ISO8601DateFormatter
  - Kiwi/XCTest
  - MKNetworkKit (from `https://github.com/rockpack/MKNetworkKit.git`, branch `cocoapods`)
  - Ooyala
  - Reachability
  - SDWebImage
  - SSKeychain (~> 0.2.1)
  - TestFlightSDK

EXTERNAL SOURCES:
  MKNetworkKit:
    :branch: cocoapods
    :git: https://github.com/rockpack/MKNetworkKit.git

SPEC CHECKSUMS:
  Appirater: 32fb9089615b5e542c7ad7b5749741a8aed55290
  Facebook-iOS-SDK: c09f7d80db5c48170ff834bc03ebe774c49d1f5b
  GoogleAnalytics-iOS-SDK: 7b0e55cfe5e70d60478a7b105f15ac71e8bc373e
  GoogleConversionTracking: cb1368fb8c3229ca374a3554a2a9ce50dfa1fa9d
  ISO8601DateFormatter: 00944e437ea647f4244454ce8809d313861d08de
  Kiwi: 04c51e880831d291748ec702d42c4101f7eb95c9
  MKNetworkKit: e92724a21c0392c2f4181978135f3ae715863f1a
  Ooyala: 5371cc4cb8a8cfa889d17d0353510eebe5360869
  Reachability: be4883bb93f31e38266ae3365e5600a317aae735
  SDWebImage: fe7ce01ae4e0a884d168f59c9dd82d35baf8429e
  SSKeychain: ffa1a79eb716d9ed1ca184fb0cf218087ca28486
  TestFlightSDK: a959afdd20fd2a43a198bab1e6aa81f9469e5423

COCOAPODS: 0.29.0
